
Microsoft Visual Studio Solution File, Format Version 10.00
# Visual Studio 2008
Project("{8BC9CEB8-8B4A-11D0-8D11-00A0C91BC942}") = "iVVPubServer", "iVVPubServer.vcproj", "{D2FF28A8-2802-4C8B-AE6E-88E99E58E7B4}"
EndProject
Project("{8BC9CEB8-8B4A-11D0-8D11-00A0C91BC942}") = "iVVPubServerTest", "..\iVVPubServerTest\iVVPubServerTest.vcproj", "{58180D81-57FF-4210-B642-4F76737E5312}"
EndProject
Global
	GlobalSection(SolutionConfigurationPlatforms) = preSolution
		Debug|Win32 = Debug|Win32
		Release|Win32 = Release|Win32
	EndGlobalSection
	GlobalSection(ProjectConfigurationPlatforms) = postSolution
		{D2FF28A8-2802-4C8B-AE6E-88E99E58E7B4}.Debug|Win32.ActiveCfg = Debug|Win32
		{D2FF28A8-2802-4C8B-AE6E-88E99E58E7B4}.Debug|Win32.Build.0 = Debug|Win32
		{D2FF28A8-2802-4C8B-AE6E-88E99E58E7B4}.Release|Win32.ActiveCfg = Release|Win32
		{D2FF28A8-2802-4C8B-AE6E-88E99E58E7B4}.Release|Win32.Build.0 = Release|Win32
		{58180D81-57FF-4210-B642-4F76737E5312}.Debug|Win32.ActiveCfg = Debug|Win32
		{58180D81-57FF-4210-B642-4F76737E5312}.Debug|Win32.Build.0 = Debug|Win32
		{58180D81-57FF-4210-B642-4F76737E5312}.Release|Win32.ActiveCfg = Release|Win32
		{58180D81-57FF-4210-B642-4F76737E5312}.Release|Win32.Build.0 = Release|Win32
	EndGlobalSection
	GlobalSection(SolutionProperties) = preSolution
		HideSolutionNode = FALSE
	EndGlobalSection
EndGlobal
